
Microsoft Visual Studio Solution File, Format Version 12.00
# Visual Studio Version 17
VisualStudioVersion = 17.14.36327.8 d17.14
MinimumVisualStudioVersion = 10.0.40219.1
Project("{FAE04EC0-301F-11D3-BF4B-00C04F79EFBC}") = "Day1", "Day1.csproj", "{ABB9180E-1730-4E59-A666-26F8DC888D83}"
EndProject
Global
	GlobalSection(SolutionConfigurationPlatforms) = preSolution
		Debug|Any CPU = Debug|Any CPU
		Release|Any CPU = Release|Any CPU
	EndGlobalSection
	GlobalSection(ProjectConfigurationPlatforms) = postSolution
		{ABB9180E-1730-4E59-A666-26F8DC888D83}.Debug|Any CPU.ActiveCfg = Debug|Any CPU
		{ABB9180E-1730-4E59-A666-26F8DC888D83}.Debug|Any CPU.Build.0 = Debug|Any CPU
		{ABB9180E-1730-4E59-A666-26F8DC888D83}.Release|Any CPU.ActiveCfg = Release|Any CPU
		{ABB9180E-1730-4E59-A666-26F8DC888D83}.Release|Any CPU.Build.0 = Release|Any CPU
	EndGlobalSection
	GlobalSection(SolutionProperties) = preSolution
		HideSolutionNode = FALSE
	EndGlobalSection
	GlobalSection(ExtensibilityGlobals) = postSolution
		SolutionGuid = {7D1DCF8F-E041-402A-B76E-9F62E55619C9}
	EndGlobalSection
EndGlobal
