
Microsoft Visual Studio Solution File, Format Version 12.00
# Visual Studio Version 17
VisualStudioVersion = 17.14.36327.8 d17.14
MinimumVisualStudioVersion = 10.0.40219.1
Project("{FAE04EC0-301F-11D3-BF4B-00C04F79EFBC}") = "Day 7 task", "Day 7 task\Day 7 task.csproj", "{89AFBA38-2D6A-4B32-A321-2C3678A37559}"
EndProject
Global
	GlobalSection(SolutionConfigurationPlatforms) = preSolution
		Debug|Any CPU = Debug|Any CPU
		Release|Any CPU = Release|Any CPU
	EndGlobalSection
	GlobalSection(ProjectConfigurationPlatforms) = postSolution
		{89AFBA38-2D6A-4B32-A321-2C3678A37559}.Debug|Any CPU.ActiveCfg = Debug|Any CPU
		{89AFBA38-2D6A-4B32-A321-2C3678A37559}.Debug|Any CPU.Build.0 = Debug|Any CPU
		{89AFBA38-2D6A-4B32-A321-2C3678A37559}.Release|Any CPU.ActiveCfg = Release|Any CPU
		{89AFBA38-2D6A-4B32-A321-2C3678A37559}.Release|Any CPU.Build.0 = Release|Any CPU
	EndGlobalSection
	GlobalSection(SolutionProperties) = preSolution
		HideSolutionNode = FALSE
	EndGlobalSection
	GlobalSection(ExtensibilityGlobals) = postSolution
		SolutionGuid = {FFDBB460-27AA-4E25-9D97-1532EC3826F5}
	EndGlobalSection
EndGlobal
