
Microsoft Visual Studio Solution File, Format Version 12.00
# Visual Studio Version 17
VisualStudioVersion = 17.14.36327.8 d17.14
MinimumVisualStudioVersion = 10.0.40219.1
Project("{FAE04EC0-301F-11D3-BF4B-00C04F79EFBC}") = "Learn Day 12 LINQ", "Learn Day 12 LINQ\Learn Day 12 LINQ.csproj", "{F8BB169F-3496-4DF4-B94A-364DEE3F07F8}"
EndProject
Global
	GlobalSection(SolutionConfigurationPlatforms) = preSolution
		Debug|Any CPU = Debug|Any CPU
		Release|Any CPU = Release|Any CPU
	EndGlobalSection
	GlobalSection(ProjectConfigurationPlatforms) = postSolution
		{F8BB169F-3496-4DF4-B94A-364DEE3F07F8}.Debug|Any CPU.ActiveCfg = Debug|Any CPU
		{F8BB169F-3496-4DF4-B94A-364DEE3F07F8}.Debug|Any CPU.Build.0 = Debug|Any CPU
		{F8BB169F-3496-4DF4-B94A-364DEE3F07F8}.Release|Any CPU.ActiveCfg = Release|Any CPU
		{F8BB169F-3496-4DF4-B94A-364DEE3F07F8}.Release|Any CPU.Build.0 = Release|Any CPU
	EndGlobalSection
	GlobalSection(SolutionProperties) = preSolution
		HideSolutionNode = FALSE
	EndGlobalSection
	GlobalSection(ExtensibilityGlobals) = postSolution
		SolutionGuid = {38733D7E-E09C-4184-84AC-6498FB2CD924}
	EndGlobalSection
EndGlobal
